// !$*UTF8*$!
{
	archiveVersion = 1;
	classes = {
	};
	objectVersion = 46;
	objects = {

/* Begin PBXFileReference section */
		0605B664188D706D005926D0 /* index.php */ = {isa = PBXFileReference; lastKnownFileType = text.script.php; path = index.php; sourceTree = "<group>"; };
/* End PBXFileReference section */

/* Begin PBXGroup section */
		0605B65B188D6FCB005926D0 = {
			isa = PBXGroup;
			children = (
				0605B663188D706D005926D0 /* WuLinServer */,
			);
			sourceTree = "<group>";
		};
		0605B663188D706D005926D0 /* WuLinServer */ = {
			isa = PBXGroup;
			children = (
				0605B664188D706D005926D0 /* index.php */,
			);
			path = WuLinServer;
			sourceTree = "<group>";
		};
/* End PBXGroup section */

/* Begin PBXProject section */
		0605B65C188D6FCB005926D0 /* Project object */ = {
			isa = PBXProject;
			attributes = {
				LastUpgradeCheck = 0500;
			};
			buildConfigurationList = 0605B65F188D6FCB005926D0 /* Build configuration list for PBXProject "WuLinServer" */;
			compatibilityVersion = "Xcode 3.2";
			developmentRegion = English;
			hasScannedForEncodings = 0;
			knownRegions = (
				en,
			);
			mainGroup = 0605B65B188D6FCB005926D0;
			projectDirPath = "";
			projectRoot = "";
			targets = (
			);
		};
/* End PBXProject section */

/* Begin XCBuildConfiguration section */
		0605B660188D6FCB005926D0 /* Debug */ = {
			isa = XCBuildConfiguration;
			buildSettings = {
			};
			name = Debug;
		};
		0605B661188D6FCB005926D0 /* Release */ = {
			isa = XCBuildConfiguration;
			buildSettings = {
			};
			name = Release;
		};
/* End XCBuildConfiguration section */

/* Begin XCConfigurationList section */
		0605B65F188D6FCB005926D0 /* Build configuration list for PBXProject "WuLinServer" */ = {
			isa = XCConfigurationList;
			buildConfigurations = (
				0605B660188D6FCB005926D0 /* Debug */,
				0605B661188D6FCB005926D0 /* Release */,
			);
			defaultConfigurationIsVisible = 0;
			defaultConfigurationName = Release;
		};
/* End XCConfigurationList section */
	};
	rootObject = 0605B65C188D6FCB005926D0 /* Project object */;
}
